dependencies:
  frame: github.com/frame-js/Frame/tarball/master
lockfileVersion: 5
packages:
  github.com/frame-js/Frame/tarball/master:
    dev: false
    name: frame
    resolution:
      tarball: 'https://github.com/frame-js/Frame/tarball/master'
    version: 1.0.0
specifiers:
  frame: 'https://github.com/frame-js/Frame/tarball/master'
